
Microsoft Visual Studio Solution File, Format Version 12.00
# Visual Studio Version 16
VisualStudioVersion = 16.0.30611.23
MinimumVisualStudioVersion = 10.0.40219.1
Project("{FAE04EC0-301F-11D3-BF4B-00C04F79EFBC}") = "Film_Arsiv", "Film_Arsiv\Film_Arsiv.csproj", "{DA5B5929-63AA-4EB4-803C-E79D312B1ABF}"
EndProject
Global
	GlobalSection(SolutionConfigurationPlatforms) = preSolution
		Debug|Any CPU = Debug|Any CPU
		Release|Any CPU = Release|Any CPU
	EndGlobalSection
	GlobalSection(ProjectConfigurationPlatforms) = postSolution
		{DA5B5929-63AA-4EB4-803C-E79D312B1ABF}.Debug|Any CPU.ActiveCfg = Debug|Any CPU
		{DA5B5929-63AA-4EB4-803C-E79D312B1ABF}.Debug|Any CPU.Build.0 = Debug|Any CPU
		{DA5B5929-63AA-4EB4-803C-E79D312B1ABF}.Release|Any CPU.ActiveCfg = Release|Any CPU
		{DA5B5929-63AA-4EB4-803C-E79D312B1ABF}.Release|Any CPU.Build.0 = Release|Any CPU
	EndGlobalSection
	GlobalSection(SolutionProperties) = preSolution
		HideSolutionNode = FALSE
	EndGlobalSection
	GlobalSection(ExtensibilityGlobals) = postSolution
		SolutionGuid = {83274F47-AC48-45E2-96DA-095725C80703}
	EndGlobalSection
EndGlobal
